
Microsoft Visual Studio Solution File, Format Version 12.00
# Visual Studio 15
VisualStudioVersion = 15.0.27703.2035
MinimumVisualStudioVersion = 10.0.40219.1
Project("{9A19103F-16F7-4668-BE54-9A1E7A4F7556}") = "BandAgent", "BandAgent\BandAgent.csproj", "{72064BE1-3DC5-4D8A-B9E0-CAE019AABC04}"
EndProject
Project("{9A19103F-16F7-4668-BE54-9A1E7A4F7556}") = "BandAgent.Tests", "BandAgent.Tests\BandAgent.Tests.csproj", "{8C45E863-2497-4935-99DB-34C672FDDEA1}"
EndProject
Project("{9A19103F-16F7-4668-BE54-9A1E7A4F7556}") = "EventProcessor", "EventProcessor\EventProcessor.csproj", "{212284B7-2B90-45B8-8318-8125A84AAEA5}"
EndProject
Project("{9A19103F-16F7-4668-BE54-9A1E7A4F7556}") = "EventProcessor.Tests", "EventProcessor.Tests\EventProcessor.Tests.csproj", "{2CCEE16F-663C-4F6E-B3FC-ABD9CC857179}"
EndProject
Project("{FAE04EC0-301F-11D3-BF4B-00C04F79EFBC}") = "EventProcessorAbstractions", "EventProcessorAbstractions\EventProcessorAbstractions.csproj", "{B474C80D-8530-47E8-9129-ED553910ABFA}"
EndProject
Global
	GlobalSection(SolutionConfigurationPlatforms) = preSolution
		Debug|Any CPU = Debug|Any CPU
		Release|Any CPU = Release|Any CPU
	EndGlobalSection
	GlobalSection(ProjectConfigurationPlatforms) = postSolution
		{72064BE1-3DC5-4D8A-B9E0-CAE019AABC04}.Debug|Any CPU.ActiveCfg = Debug|Any CPU
		{72064BE1-3DC5-4D8A-B9E0-CAE019AABC04}.Debug|Any CPU.Build.0 = Debug|Any CPU
		{72064BE1-3DC5-4D8A-B9E0-CAE019AABC04}.Release|Any CPU.ActiveCfg = Release|Any CPU
		{72064BE1-3DC5-4D8A-B9E0-CAE019AABC04}.Release|Any CPU.Build.0 = Release|Any CPU
		{8C45E863-2497-4935-99DB-34C672FDDEA1}.Debug|Any CPU.ActiveCfg = Debug|Any CPU
		{8C45E863-2497-4935-99DB-34C672FDDEA1}.Debug|Any CPU.Build.0 = Debug|Any CPU
		{8C45E863-2497-4935-99DB-34C672FDDEA1}.Release|Any CPU.ActiveCfg = Release|Any CPU
		{8C45E863-2497-4935-99DB-34C672FDDEA1}.Release|Any CPU.Build.0 = Release|Any CPU
		{212284B7-2B90-45B8-8318-8125A84AAEA5}.Debug|Any CPU.ActiveCfg = Debug|Any CPU
		{212284B7-2B90-45B8-8318-8125A84AAEA5}.Debug|Any CPU.Build.0 = Debug|Any CPU
		{212284B7-2B90-45B8-8318-8125A84AAEA5}.Release|Any CPU.ActiveCfg = Release|Any CPU
		{212284B7-2B90-45B8-8318-8125A84AAEA5}.Release|Any CPU.Build.0 = Release|Any CPU
		{2CCEE16F-663C-4F6E-B3FC-ABD9CC857179}.Debug|Any CPU.ActiveCfg = Debug|Any CPU
		{2CCEE16F-663C-4F6E-B3FC-ABD9CC857179}.Debug|Any CPU.Build.0 = Debug|Any CPU
		{2CCEE16F-663C-4F6E-B3FC-ABD9CC857179}.Release|Any CPU.ActiveCfg = Release|Any CPU
		{2CCEE16F-663C-4F6E-B3FC-ABD9CC857179}.Release|Any CPU.Build.0 = Release|Any CPU
		{B474C80D-8530-47E8-9129-ED553910ABFA}.Debug|Any CPU.ActiveCfg = Debug|Any CPU
		{B474C80D-8530-47E8-9129-ED553910ABFA}.Debug|Any CPU.Build.0 = Debug|Any CPU
		{B474C80D-8530-47E8-9129-ED553910ABFA}.Release|Any CPU.ActiveCfg = Release|Any CPU
		{B474C80D-8530-47E8-9129-ED553910ABFA}.Release|Any CPU.Build.0 = Release|Any CPU
	EndGlobalSection
	GlobalSection(SolutionProperties) = preSolution
		HideSolutionNode = FALSE
	EndGlobalSection
	GlobalSection(ExtensibilityGlobals) = postSolution
		SolutionGuid = {7E9236A5-BCBE-45FC-8FB1-FD0A0F23A7D1}
	EndGlobalSection
EndGlobal
